
Microsoft Visual Studio Solution File, Format Version 12.00
# Visual Studio 2012
Project("{2150E333-8FDC-42A3-9474-1A3956D46DE8}") = "Service", "Service", "{429B1F86-00BB-40CF-B0AD-D811B909A6F9}"
EndProject
Project("{2150E333-8FDC-42A3-9474-1A3956D46DE8}") = "Adapters", "Adapters", "{DCDDDFCF-4636-4B96-855C-FCE1B693763B}"
EndProject
Project("{2150E333-8FDC-42A3-9474-1A3956D46DE8}") = "Clients", "Clients", "{66752836-AF9A-4EC6-83E6-C7CBEB223F9E}"
EndProject
Project("{FAE04EC0-301F-11D3-BF4B-00C04F79EFBC}") = "Labs.Timesheets.App.Console", "Labs.Timesheets.App.Console\Labs.Timesheets.App.Console.csproj", "{36059F0B-BDC9-4DFF-8D1C-90B52E25C89E}"
EndProject
Project("{FAE04EC0-301F-11D3-BF4B-00C04F79EFBC}") = "Labs.Timesheets.Tests", "Labs.Timesheets.Tests\Labs.Timesheets.Tests.csproj", "{77B4F619-5776-4E37-8747-8E59879D348E}"
EndProject
Project("{FAE04EC0-301F-11D3-BF4B-00C04F79EFBC}") = "Labs.Timesheets.Data.Sql", "Labs.Timesheets.Data.Sql\Labs.Timesheets.Data.Sql.csproj", "{D90315BD-53D2-46EB-9C2D-211299E8D794}"
EndProject
Project("{FAE04EC0-301F-11D3-BF4B-00C04F79EFBC}") = "Labs.Timesheets.Data.Rdb", "Labs.Timesheets.Data.Rdb\Labs.Timesheets.Data.Rdb.csproj", "{9FF7853C-4C82-493F-A64D-710D29C007E7}"
EndProject
Project("{FAE04EC0-301F-11D3-BF4B-00C04F79EFBC}") = "Labs.Timesheets.Data.Mem", "Labs.Timesheets.Data.Mem\Labs.Timesheets.Data.Mem.csproj", "{079B8EAE-D660-43A0-B3B6-76C9BE5B724B}"
EndProject
Project("{2150E333-8FDC-42A3-9474-1A3956D46DE8}") = "Tests", "Tests", "{F171E8CB-49C2-445E-A186-4C136EECB869}"
EndProject
Project("{FAE04EC0-301F-11D3-BF4B-00C04F79EFBC}") = "Labs.Timesheets.Domain", "Labs.Timesheets.Domain\Labs.Timesheets.Domain.csproj", "{EC7E9761-15D4-4113-B8AB-702598F501D3}"
EndProject
Project("{FAE04EC0-301F-11D3-BF4B-00C04F79EFBC}") = "Labs.Timesheets.Reports", "Labs.Timesheets.Reports\Labs.Timesheets.Reports.csproj", "{DFB0E46D-2FE8-48A0-8324-EA0018E19C7A}"
EndProject
Project("{FAE04EC0-301F-11D3-BF4B-00C04F79EFBC}") = "Labs.Timesheets.Common", "Labs.Timesheets.Common\Labs.Timesheets.Common.csproj", "{8DF4EC9D-FD36-4411-BB83-372A3C1EE4E3}"
EndProject
Project("{FAE04EC0-301F-11D3-BF4B-00C04F79EFBC}") = "Labs.Timesheets.Adapters", "Labs.Timesheets.Adapters\Labs.Timesheets.Adapters.csproj", "{3CC5116E-553A-4BA8-A7D2-902457912E84}"
EndProject
Global
	GlobalSection(SolutionConfigurationPlatforms) = preSolution
		Debug|Any CPU = Debug|Any CPU
		Release|Any CPU = Release|Any CPU
	EndGlobalSection
	GlobalSection(ProjectConfigurationPlatforms) = postSolution
		{36059F0B-BDC9-4DFF-8D1C-90B52E25C89E}.Debug|Any CPU.ActiveCfg = Debug|Any CPU
		{36059F0B-BDC9-4DFF-8D1C-90B52E25C89E}.Debug|Any CPU.Build.0 = Debug|Any CPU
		{36059F0B-BDC9-4DFF-8D1C-90B52E25C89E}.Release|Any CPU.ActiveCfg = Release|Any CPU
		{36059F0B-BDC9-4DFF-8D1C-90B52E25C89E}.Release|Any CPU.Build.0 = Release|Any CPU
		{77B4F619-5776-4E37-8747-8E59879D348E}.Debug|Any CPU.ActiveCfg = Debug|Any CPU
		{77B4F619-5776-4E37-8747-8E59879D348E}.Debug|Any CPU.Build.0 = Debug|Any CPU
		{77B4F619-5776-4E37-8747-8E59879D348E}.Release|Any CPU.ActiveCfg = Release|Any CPU
		{77B4F619-5776-4E37-8747-8E59879D348E}.Release|Any CPU.Build.0 = Release|Any CPU
		{D90315BD-53D2-46EB-9C2D-211299E8D794}.Debug|Any CPU.ActiveCfg = Debug|Any CPU
		{D90315BD-53D2-46EB-9C2D-211299E8D794}.Debug|Any CPU.Build.0 = Debug|Any CPU
		{D90315BD-53D2-46EB-9C2D-211299E8D794}.Release|Any CPU.ActiveCfg = Release|Any CPU
		{D90315BD-53D2-46EB-9C2D-211299E8D794}.Release|Any CPU.Build.0 = Release|Any CPU
		{9FF7853C-4C82-493F-A64D-710D29C007E7}.Debug|Any CPU.ActiveCfg = Debug|Any CPU
		{9FF7853C-4C82-493F-A64D-710D29C007E7}.Debug|Any CPU.Build.0 = Debug|Any CPU
		{9FF7853C-4C82-493F-A64D-710D29C007E7}.Release|Any CPU.ActiveCfg = Release|Any CPU
		{9FF7853C-4C82-493F-A64D-710D29C007E7}.Release|Any CPU.Build.0 = Release|Any CPU
		{079B8EAE-D660-43A0-B3B6-76C9BE5B724B}.Debug|Any CPU.ActiveCfg = Debug|Any CPU
		{079B8EAE-D660-43A0-B3B6-76C9BE5B724B}.Debug|Any CPU.Build.0 = Debug|Any CPU
		{079B8EAE-D660-43A0-B3B6-76C9BE5B724B}.Release|Any CPU.ActiveCfg = Release|Any CPU
		{079B8EAE-D660-43A0-B3B6-76C9BE5B724B}.Release|Any CPU.Build.0 = Release|Any CPU
		{EC7E9761-15D4-4113-B8AB-702598F501D3}.Debug|Any CPU.ActiveCfg = Debug|Any CPU
		{EC7E9761-15D4-4113-B8AB-702598F501D3}.Debug|Any CPU.Build.0 = Debug|Any CPU
		{EC7E9761-15D4-4113-B8AB-702598F501D3}.Release|Any CPU.ActiveCfg = Release|Any CPU
		{EC7E9761-15D4-4113-B8AB-702598F501D3}.Release|Any CPU.Build.0 = Release|Any CPU
		{DFB0E46D-2FE8-48A0-8324-EA0018E19C7A}.Debug|Any CPU.ActiveCfg = Debug|Any CPU
		{DFB0E46D-2FE8-48A0-8324-EA0018E19C7A}.Debug|Any CPU.Build.0 = Debug|Any CPU
		{DFB0E46D-2FE8-48A0-8324-EA0018E19C7A}.Release|Any CPU.ActiveCfg = Release|Any CPU
		{DFB0E46D-2FE8-48A0-8324-EA0018E19C7A}.Release|Any CPU.Build.0 = Release|Any CPU
		{8DF4EC9D-FD36-4411-BB83-372A3C1EE4E3}.Debug|Any CPU.ActiveCfg = Debug|Any CPU
		{8DF4EC9D-FD36-4411-BB83-372A3C1EE4E3}.Debug|Any CPU.Build.0 = Debug|Any CPU
		{8DF4EC9D-FD36-4411-BB83-372A3C1EE4E3}.Release|Any CPU.ActiveCfg = Release|Any CPU
		{8DF4EC9D-FD36-4411-BB83-372A3C1EE4E3}.Release|Any CPU.Build.0 = Release|Any CPU
		{3CC5116E-553A-4BA8-A7D2-902457912E84}.Debug|Any CPU.ActiveCfg = Debug|Any CPU
		{3CC5116E-553A-4BA8-A7D2-902457912E84}.Debug|Any CPU.Build.0 = Debug|Any CPU
		{3CC5116E-553A-4BA8-A7D2-902457912E84}.Release|Any CPU.ActiveCfg = Release|Any CPU
		{3CC5116E-553A-4BA8-A7D2-902457912E84}.Release|Any CPU.Build.0 = Release|Any CPU
	EndGlobalSection
	GlobalSection(SolutionProperties) = preSolution
		HideSolutionNode = FALSE
	EndGlobalSection
	GlobalSection(NestedProjects) = preSolution
		{EC7E9761-15D4-4113-B8AB-702598F501D3} = {429B1F86-00BB-40CF-B0AD-D811B909A6F9}
		{DFB0E46D-2FE8-48A0-8324-EA0018E19C7A} = {429B1F86-00BB-40CF-B0AD-D811B909A6F9}
		{8DF4EC9D-FD36-4411-BB83-372A3C1EE4E3} = {429B1F86-00BB-40CF-B0AD-D811B909A6F9}
		{D90315BD-53D2-46EB-9C2D-211299E8D794} = {DCDDDFCF-4636-4B96-855C-FCE1B693763B}
		{9FF7853C-4C82-493F-A64D-710D29C007E7} = {DCDDDFCF-4636-4B96-855C-FCE1B693763B}
		{079B8EAE-D660-43A0-B3B6-76C9BE5B724B} = {DCDDDFCF-4636-4B96-855C-FCE1B693763B}
		{3CC5116E-553A-4BA8-A7D2-902457912E84} = {DCDDDFCF-4636-4B96-855C-FCE1B693763B}
		{36059F0B-BDC9-4DFF-8D1C-90B52E25C89E} = {66752836-AF9A-4EC6-83E6-C7CBEB223F9E}
		{77B4F619-5776-4E37-8747-8E59879D348E} = {F171E8CB-49C2-445E-A186-4C136EECB869}
	EndGlobalSection
EndGlobal
